
Microsoft Visual Studio Solution File, Format Version 12.00
# Visual Studio Version 17
VisualStudioVersion = 17.7.34221.43
MinimumVisualStudioVersion = 10.0.40219.1
Project("{FAE04EC0-301F-11D3-BF4B-00C04F79EFBC}") = "Carro", "Carro\Carro.csproj", "{9C277467-6574-4AC7-975B-1615CACAA251}"
EndProject
Global
	GlobalSection(SolutionConfigurationPlatforms) = preSolution
		Debug|Any CPU = Debug|Any CPU
		Release|Any CPU = Release|Any CPU
	EndGlobalSection
	GlobalSection(ProjectConfigurationPlatforms) = postSolution
		{9C277467-6574-4AC7-975B-1615CACAA251}.Debug|Any CPU.ActiveCfg = Debug|Any CPU
		{9C277467-6574-4AC7-975B-1615CACAA251}.Debug|Any CPU.Build.0 = Debug|Any CPU
		{9C277467-6574-4AC7-975B-1615CACAA251}.Release|Any CPU.ActiveCfg = Release|Any CPU
		{9C277467-6574-4AC7-975B-1615CACAA251}.Release|Any CPU.Build.0 = Release|Any CPU
	EndGlobalSection
	GlobalSection(SolutionProperties) = preSolution
		HideSolutionNode = FALSE
	EndGlobalSection
	GlobalSection(ExtensibilityGlobals) = postSolution
		SolutionGuid = {9F7688BE-3BBA-42BC-9569-537837529A08}
	EndGlobalSection
EndGlobal
