
Microsoft Visual Studio Solution File, Format Version 12.00
# Visual Studio Version 17
VisualStudioVersion = 17.6.33717.318
MinimumVisualStudioVersion = 10.0.40219.1
Project("{FAE04EC0-301F-11D3-BF4B-00C04F79EFBC}") = "Exemplo 2", "Exemplo 2.csproj", "{A3CB7898-2DD3-4F01-93D6-1022C0FFB38C}"
EndProject
Global
	GlobalSection(SolutionConfigurationPlatforms) = preSolution
		Debug|Any CPU = Debug|Any CPU
		Release|Any CPU = Release|Any CPU
	EndGlobalSection
	GlobalSection(ProjectConfigurationPlatforms) = postSolution
		{A3CB7898-2DD3-4F01-93D6-1022C0FFB38C}.Debug|Any CPU.ActiveCfg = Debug|Any CPU
		{A3CB7898-2DD3-4F01-93D6-1022C0FFB38C}.Debug|Any CPU.Build.0 = Debug|Any CPU
		{A3CB7898-2DD3-4F01-93D6-1022C0FFB38C}.Release|Any CPU.ActiveCfg = Release|Any CPU
		{A3CB7898-2DD3-4F01-93D6-1022C0FFB38C}.Release|Any CPU.Build.0 = Release|Any CPU
	EndGlobalSection
	GlobalSection(SolutionProperties) = preSolution
		HideSolutionNode = FALSE
	EndGlobalSection
	GlobalSection(ExtensibilityGlobals) = postSolution
		SolutionGuid = {8CDDA55B-A047-4008-987D-E05772BFBEB2}
	EndGlobalSection
EndGlobal
